
Microsoft Visual Studio Solution File, Format Version 12.00
# Visual Studio Version 17
VisualStudioVersion = 17.14.36127.28 d17.14
MinimumVisualStudioVersion = 10.0.40219.1
Project("{FAE04EC0-301F-11D3-BF4B-00C04F79EFBC}") = "changeclothes", "changeclothes\changeclothes.csproj", "{2C70F6D1-1F6F-4D69-8913-492359EF0062}"
EndProject
Global
	GlobalSection(SolutionConfigurationPlatforms) = preSolution
		Debug|Any CPU = Debug|Any CPU
		Release|Any CPU = Release|Any CPU
	EndGlobalSection
	GlobalSection(ProjectConfigurationPlatforms) = postSolution
		{2C70F6D1-1F6F-4D69-8913-492359EF0062}.Debug|Any CPU.ActiveCfg = Debug|Any CPU
		{2C70F6D1-1F6F-4D69-8913-492359EF0062}.Debug|Any CPU.Build.0 = Debug|Any CPU
		{2C70F6D1-1F6F-4D69-8913-492359EF0062}.Release|Any CPU.ActiveCfg = Release|Any CPU
		{2C70F6D1-1F6F-4D69-8913-492359EF0062}.Release|Any CPU.Build.0 = Release|Any CPU
	EndGlobalSection
	GlobalSection(SolutionProperties) = preSolution
		HideSolutionNode = FALSE
	EndGlobalSection
	GlobalSection(ExtensibilityGlobals) = postSolution
		SolutionGuid = {343D89EF-836C-4296-88C4-B6023BF54F47}
	EndGlobalSection
EndGlobal
